// !$*UTF8*$!
{
	archiveVersion = 1;
	classes = {
	};
	objectVersion = 55;
	objects = {

/* Begin PBXBuildFile section */
		2E353AD227589F2700F4F8A2 /* InfoPlist.strings in Resources */ = {isa = PBXBuildFile; fileRef = 2E353AD427589F2700F4F8A2 /* InfoPlist.strings */; };
		2E36F864276F496F002C986B /* InfoTableVIewController.swift in Sources */ = {isa = PBXBuildFile; fileRef = 2E36F863276F496F002C986B /* InfoTableVIewController.swift */; };
		2E36F86B27704B97002C986B /* OpensourceList.swift in Sources */ = {isa = PBXBuildFile; fileRef = 2E36F86A27704B97002C986B /* OpensourceList.swift */; };
		2E398D9528372D44003CEFAA /* CreateNewCatView.xib in Resources */ = {isa = PBXBuildFile; fileRef = 2E398D9428372D44003CEFAA /* CreateNewCatView.xib */; };
		2E398D9728372DCF003CEFAA /* CreateNewCatView.swift in Sources */ = {isa = PBXBuildFile; fileRef = 2E398D9628372DCF003CEFAA /* CreateNewCatView.swift */; };
		2E39C440280ACE7500905D20 /* ReleaseProjectTests.swift in Sources */ = {isa = PBXBuildFile; fileRef = 2E39C43F280ACE7500905D20 /* ReleaseProjectTests.swift */; };
		2E42A64427FC634E00C78137 /* HomeViewModel.swift in Sources */ = {isa = PBXBuildFile; fileRef = 2E42A64327FC634E00C78137 /* HomeViewModel.swift */; };
		2E4FDD1D28715C19007A6947 /* DataModel.swift in Sources */ = {isa = PBXBuildFile; fileRef = 2E4FDD1C28715C19007A6947 /* DataModel.swift */; };
		2E4FDD1F2872CFF1007A6947 /* CatProvideService.swift in Sources */ = {isa = PBXBuildFile; fileRef = 2E4FDD1E2872CFF1007A6947 /* CatProvideService.swift */; };
		2E4FDD2328740098007A6947 /* DataTaskService.swift in Sources */ = {isa = PBXBuildFile; fileRef = 2E4FDD2228740098007A6947 /* DataTaskService.swift */; };
		2E4FDD25287400D8007A6947 /* SerivceProvider.swift in Sources */ = {isa = PBXBuildFile; fileRef = 2E4FDD24287400D8007A6947 /* SerivceProvider.swift */; };
		2E4FDD27287402C6007A6947 /* Service.swift in Sources */ = {isa = PBXBuildFile; fileRef = 2E4FDD26287402C6007A6947 /* Service.swift */; };
		2E4FDD2B28740FD7007A6947 /* Extension+UICollectionView.swift in Sources */ = {isa = PBXBuildFile; fileRef = 2E4FDD2A28740FD7007A6947 /* Extension+UICollectionView.swift */; };
		2E616D4C2816BD2B001F86F3 /* LocalizationService.swift in Sources */ = {isa = PBXBuildFile; fileRef = 2E616D4B2816BD2B001F86F3 /* LocalizationService.swift */; };
		2E669207282A9AC600FCEA3A /* CustomRxCollectionViewSectionedAnimatedDataSource.swift in Sources */ = {isa = PBXBuildFile; fileRef = 2E669206282A9AC600FCEA3A /* CustomRxCollectionViewSectionedAnimatedDataSource.swift */; };
		2E94FE0D2768D1D300A6BAA1 /* GoogleService-Info.plist in Resources */ = {isa = PBXBuildFile; fileRef = 2E94FE0C2768D1D300A6BAA1 /* GoogleService-Info.plist */; };
		2EAA6FBE286D777400CF50C5 /* DataViewReactor.swift in Sources */ = {isa = PBXBuildFile; fileRef = 2EAA6FB62862E5E300CF50C5 /* DataViewReactor.swift */; };
		2EAA6FBF286D777700CF50C5 /* DataViewController.swift in Sources */ = {isa = PBXBuildFile; fileRef = 2EDED284274A5241006C38DF /* DataViewController.swift */; };
		2EAA6FC5286ECE8D00CF50C5 /* ChartDateCollectionViewCell.swift in Sources */ = {isa = PBXBuildFile; fileRef = 2EAA6FC4286ECE8D00CF50C5 /* ChartDateCollectionViewCell.swift */; };
		2EAA6FC7286ED86A00CF50C5 /* ChartDateCellReactor.swift in Sources */ = {isa = PBXBuildFile; fileRef = 2EAA6FC6286ED86A00CF50C5 /* ChartDateCellReactor.swift */; };
		2EAA6FC9286ED94500CF50C5 /* ChartDateCellModel.swift in Sources */ = {isa = PBXBuildFile; fileRef = 2EAA6FC8286ED94500CF50C5 /* ChartDateCellModel.swift */; };
		2EB5F9E62812892400C880E6 /* MainViewModelTest.swift in Sources */ = {isa = PBXBuildFile; fileRef = 2EB5F9E52812892400C880E6 /* MainViewModelTest.swift */; };
		2EB5F9E82812892C00C880E6 /* RealmServiceTest.swift in Sources */ = {isa = PBXBuildFile; fileRef = 2EB5F9E72812892C00C880E6 /* RealmServiceTest.swift */; };
		2EDED26027476FD8006C38DF /* AppDelegate.swift in Sources */ = {isa = PBXBuildFile; fileRef = 2EDED25F27476FD8006C38DF /* AppDelegate.swift */; };
		2EDED26227476FD8006C38DF /* SceneDelegate.swift in Sources */ = {isa = PBXBuildFile; fileRef = 2EDED26127476FD8006C38DF /* SceneDelegate.swift */; };
		2EDED26727476FD8006C38DF /* Main.storyboard in Resources */ = {isa = PBXBuildFile; fileRef = 2EDED26527476FD8006C38DF /* Main.storyboard */; };
		2EDED26927476FDA006C38DF /* Assets.xcassets in Resources */ = {isa = PBXBuildFile; fileRef = 2EDED26827476FDA006C38DF /* Assets.xcassets */; };
		2EDED26C27476FDA006C38DF /* LaunchScreen.storyboard in Resources */ = {isa = PBXBuildFile; fileRef = 2EDED26A27476FDA006C38DF /* LaunchScreen.storyboard */; };
		2EDED2792747855F006C38DF /* Calendar.storyboard in Resources */ = {isa = PBXBuildFile; fileRef = 2EDED2782747855F006C38DF /* Calendar.storyboard */; };
		2EDED27D2747858B006C38DF /* HomeViewController.swift in Sources */ = {isa = PBXBuildFile; fileRef = 2EDED27C2747858B006C38DF /* HomeViewController.swift */; };
		2EDED281274A51F8006C38DF /* CalendarViewController.swift in Sources */ = {isa = PBXBuildFile; fileRef = 2EDED280274A51F7006C38DF /* CalendarViewController.swift */; };
		2EDED28D274A52AF006C38DF /* Localizable.strings in Resources */ = {isa = PBXBuildFile; fileRef = 2EDED28F274A52AF006C38DF /* Localizable.strings */; };
		2EDED2A1274A7EB0006C38DF /* RealmModel.swift in Sources */ = {isa = PBXBuildFile; fileRef = 2EDED2A0274A7EAF006C38DF /* RealmModel.swift */; };
		2EDED2A8274B6E3A006C38DF /* RealmService.swift in Sources */ = {isa = PBXBuildFile; fileRef = 2EDED2A7274B6E3A006C38DF /* RealmService.swift */; };
		2EDED2AA274BCAA9006C38DF /* Extension+Date.swift in Sources */ = {isa = PBXBuildFile; fileRef = 2EDED2A9274BCAA9006C38DF /* Extension+Date.swift */; };
		2EDED2B1274CCC3B006C38DF /* MainCollectionViewCell.swift in Sources */ = {isa = PBXBuildFile; fileRef = 2EDED2AF274CCC3B006C38DF /* MainCollectionViewCell.swift */; };
		2EDED2B2274CCC3B006C38DF /* MainCollectionViewCell.xib in Resources */ = {isa = PBXBuildFile; fileRef = 2EDED2B0274CCC3B006C38DF /* MainCollectionViewCell.xib */; };
		2EDED2B4274CF5A7006C38DF /* Extension+String.swift in Sources */ = {isa = PBXBuildFile; fileRef = 2EDED2B3274CF5A7006C38DF /* Extension+String.swift */; };
		57399A10F98011E7D76B9DF4 /* Pods_ReleaseProject.framework in Frameworks */ = {isa = PBXBuildFile; fileRef = EFE8904A2D0EB4BD24D92ADA /* Pods_ReleaseProject.framework */; };
		588EE2CF381970E8324C231F /* Pods_ReleaseProjectTests.framework in Frameworks */ = {isa = PBXBuildFile; fileRef = 5F7A779F7C4BA0C1CF27590B /* Pods_ReleaseProjectTests.framework */; };
/* End PBXBuildFile section */

/* Begin PBXContainerItemProxy section */
		2E39C441280ACE7500905D20 /* PBXContainerItemProxy */ = {
			isa = PBXContainerItemProxy;
			containerPortal = 2EDED25427476FD7006C38DF /* Project object */;
			proxyType = 1;
			remoteGlobalIDString = 2EDED25B27476FD8006C38DF;
			remoteInfo = ReleaseProject;
		};
/* End PBXContainerItemProxy section */

/* Begin PBXFileReference section */
		2E353ACD27589EAF00F4F8A2 /* en */ = {isa = PBXFileReference; lastKnownFileType = text.plist.strings; name = en; path = en.lproj/Main.strings; sourceTree = "<group>"; };
		2E353ACE27589EB200F4F8A2 /* zh-Hans */ = {isa = PBXFileReference; lastKnownFileType = text.plist.strings; name = "zh-Hans"; path = "zh-Hans.lproj/Main.strings"; sourceTree = "<group>"; };
		2E353ACF27589EB400F4F8A2 /* ko */ = {isa = PBXFileReference; lastKnownFileType = text.plist.strings; name = ko; path = ko.lproj/Main.strings; sourceTree = "<group>"; };
		2E353AD327589F2700F4F8A2 /* en */ = {isa = PBXFileReference; lastKnownFileType = text.plist.strings; name = en; path = en.lproj/InfoPlist.strings; sourceTree = "<group>"; };
		2E353AD527589F2900F4F8A2 /* zh-Hans */ = {isa = PBXFileReference; lastKnownFileType = text.plist.strings; name = "zh-Hans"; path = "zh-Hans.lproj/InfoPlist.strings"; sourceTree = "<group>"; };
		2E353AD627589F2900F4F8A2 /* ko */ = {isa = PBXFileReference; lastKnownFileType = text.plist.strings; name = ko; path = ko.lproj/InfoPlist.strings; sourceTree = "<group>"; };
		2E36F863276F496F002C986B /* InfoTableVIewController.swift */ = {isa = PBXFileReference; lastKnownFileType = sourcecode.swift; path = InfoTableVIewController.swift; sourceTree = "<group>"; };
		2E36F86A27704B97002C986B /* OpensourceList.swift */ = {isa = PBXFileReference; lastKnownFileType = sourcecode.swift; path = OpensourceList.swift; sourceTree = "<group>"; };
		2E398D9428372D44003CEFAA /* CreateNewCatView.xib */ = {isa = PBXFileReference; lastKnownFileType = file.xib; path = CreateNewCatView.xib; sourceTree = "<group>"; };
		2E398D9628372DCF003CEFAA /* CreateNewCatView.swift */ = {isa = PBXFileReference; lastKnownFileType = sourcecode.swift; path = CreateNewCatView.swift; sourceTree = "<group>"; };
		2E39C43D280ACE7500905D20 /* ReleaseProjectTests.xctest */ = {isa = PBXFileReference; explicitFileType = wrapper.cfbundle; includeInIndex = 0; path = ReleaseProjectTests.xctest; sourceTree = BUILT_PRODUCTS_DIR; };
		2E39C43F280ACE7500905D20 /* ReleaseProjectTests.swift */ = {isa = PBXFileReference; lastKnownFileType = sourcecode.swift; path = ReleaseProjectTests.swift; sourceTree = "<group>"; };
		2E42A64327FC634E00C78137 /* HomeViewModel.swift */ = {isa = PBXFileReference; lastKnownFileType = sourcecode.swift; path = HomeViewModel.swift; sourceTree = "<group>"; };
		2E4FDD1C28715C19007A6947 /* DataModel.swift */ = {isa = PBXFileReference; lastKnownFileType = sourcecode.swift; path = DataModel.swift; sourceTree = "<group>"; };
		2E4FDD1E2872CFF1007A6947 /* CatProvideService.swift */ = {isa = PBXFileReference; lastKnownFileType = sourcecode.swift; path = CatProvideService.swift; sourceTree = "<group>"; };
		2E4FDD2228740098007A6947 /* DataTaskService.swift */ = {isa = PBXFileReference; lastKnownFileType = sourcecode.swift; path = DataTaskService.swift; sourceTree = "<group>"; };
		2E4FDD24287400D8007A6947 /* SerivceProvider.swift */ = {isa = PBXFileReference; lastKnownFileType = sourcecode.swift; path = SerivceProvider.swift; sourceTree = "<group>"; };
		2E4FDD26287402C6007A6947 /* Service.swift */ = {isa = PBXFileReference; lastKnownFileType = sourcecode.swift; path = Service.swift; sourceTree = "<group>"; };
		2E4FDD2A28740FD7007A6947 /* Extension+UICollectionView.swift */ = {isa = PBXFileReference; lastKnownFileType = sourcecode.swift; path = "Extension+UICollectionView.swift"; sourceTree = "<group>"; };
		2E616D4B2816BD2B001F86F3 /* LocalizationService.swift */ = {isa = PBXFileReference; lastKnownFileType = sourcecode.swift; path = LocalizationService.swift; sourceTree = "<group>"; };
		2E669206282A9AC600FCEA3A /* CustomRxCollectionViewSectionedAnimatedDataSource.swift */ = {isa = PBXFileReference; lastKnownFileType = sourcecode.swift; path = CustomRxCollectionViewSectionedAnimatedDataSource.swift; sourceTree = "<group>"; };
		2E94FE0C2768D1D300A6BAA1 /* GoogleService-Info.plist */ = {isa = PBXFileReference; fileEncoding = 4; lastKnownFileType = text.plist.xml; path = "GoogleService-Info.plist"; sourceTree = "<group>"; };
		2EAA6FB62862E5E300CF50C5 /* DataViewReactor.swift */ = {isa = PBXFileReference; lastKnownFileType = sourcecode.swift; path = DataViewReactor.swift; sourceTree = "<group>"; };
		2EAA6FC4286ECE8D00CF50C5 /* ChartDateCollectionViewCell.swift */ = {isa = PBXFileReference; lastKnownFileType = sourcecode.swift; path = ChartDateCollectionViewCell.swift; sourceTree = "<group>"; };
		2EAA6FC6286ED86A00CF50C5 /* ChartDateCellReactor.swift */ = {isa = PBXFileReference; lastKnownFileType = sourcecode.swift; path = ChartDateCellReactor.swift; sourceTree = "<group>"; };
		2EAA6FC8286ED94500CF50C5 /* ChartDateCellModel.swift */ = {isa = PBXFileReference; lastKnownFileType = sourcecode.swift; path = ChartDateCellModel.swift; sourceTree = "<group>"; };
		2EB5F9E52812892400C880E6 /* MainViewModelTest.swift */ = {isa = PBXFileReference; lastKnownFileType = sourcecode.swift; path = MainViewModelTest.swift; sourceTree = "<group>"; };
		2EB5F9E72812892C00C880E6 /* RealmServiceTest.swift */ = {isa = PBXFileReference; lastKnownFileType = sourcecode.swift; path = RealmServiceTest.swift; sourceTree = "<group>"; };
		2EDED25C27476FD8006C38DF /* ReleaseProject.app */ = {isa = PBXFileReference; explicitFileType = wrapper.application; includeInIndex = 0; path = ReleaseProject.app; sourceTree = BUILT_PRODUCTS_DIR; };
		2EDED25F27476FD8006C38DF /* AppDelegate.swift */ = {isa = PBXFileReference; lastKnownFileType = sourcecode.swift; path = AppDelegate.swift; sourceTree = "<group>"; };
		2EDED26127476FD8006C38DF /* SceneDelegate.swift */ = {isa = PBXFileReference; lastKnownFileType = sourcecode.swift; path = SceneDelegate.swift; sourceTree = "<group>"; };
		2EDED26627476FD8006C38DF /* Base */ = {isa = PBXFileReference; lastKnownFileType = file.storyboard; name = Base; path = Base.lproj/Main.storyboard; sourceTree = "<group>"; };
		2EDED26827476FDA006C38DF /* Assets.xcassets */ = {isa = PBXFileReference; lastKnownFileType = folder.assetcatalog; path = Assets.xcassets; sourceTree = "<group>"; };
		2EDED26B27476FDA006C38DF /* Base */ = {isa = PBXFileReference; lastKnownFileType = file.storyboard; name = Base; path = Base.lproj/LaunchScreen.storyboard; sourceTree = "<group>"; };
		2EDED26D27476FDA006C38DF /* Info.plist */ = {isa = PBXFileReference; lastKnownFileType = text.plist.xml; path = Info.plist; sourceTree = "<group>"; };
		2EDED2782747855F006C38DF /* Calendar.storyboard */ = {isa = PBXFileReference; lastKnownFileType = file.storyboard; path = Calendar.storyboard; sourceTree = "<group>"; };
		2EDED27C2747858B006C38DF /* HomeViewController.swift */ = {isa = PBXFileReference; lastKnownFileType = sourcecode.swift; path = HomeViewController.swift; sourceTree = "<group>"; };
		2EDED280274A51F7006C38DF /* CalendarViewController.swift */ = {isa = PBXFileReference; lastKnownFileType = sourcecode.swift; path = CalendarViewController.swift; sourceTree = "<group>"; };
		2EDED284274A5241006C38DF /* DataViewController.swift */ = {isa = PBXFileReference; lastKnownFileType = sourcecode.swift; path = DataViewController.swift; sourceTree = "<group>"; };
		2EDED28E274A52AF006C38DF /* en */ = {isa = PBXFileReference; lastKnownFileType = text.plist.strings; name = en; path = en.lproj/Localizable.strings; sourceTree = "<group>"; };
		2EDED290274A52B3006C38DF /* zh-Hans */ = {isa = PBXFileReference; lastKnownFileType = text.plist.strings; name = "zh-Hans"; path = "zh-Hans.lproj/Localizable.strings"; sourceTree = "<group>"; };
		2EDED291274A52B6006C38DF /* ko */ = {isa = PBXFileReference; lastKnownFileType = text.plist.strings; name = ko; path = ko.lproj/Localizable.strings; sourceTree = "<group>"; };
		2EDED2A0274A7EAF006C38DF /* RealmModel.swift */ = {isa = PBXFileReference; lastKnownFileType = sourcecode.swift; path = RealmModel.swift; sourceTree = "<group>"; };
		2EDED2A7274B6E3A006C38DF /* RealmService.swift */ = {isa = PBXFileReference; lastKnownFileType = sourcecode.swift; path = RealmService.swift; sourceTree = "<group>"; };
		2EDED2A9274BCAA9006C38DF /* Extension+Date.swift */ = {isa = PBXFileReference; lastKnownFileType = sourcecode.swift; path = "Extension+Date.swift"; sourceTree = "<group>"; };
		2EDED2AF274CCC3B006C38DF /* MainCollectionViewCell.swift */ = {isa = PBXFileReference; lastKnownFileType = sourcecode.swift; path = MainCollectionViewCell.swift; sourceTree = "<group>"; };
		2EDED2B0274CCC3B006C38DF /* MainCollectionViewCell.xib */ = {isa = PBXFileReference; lastKnownFileType = file.xib; path = MainCollectionViewCell.xib; sourceTree = "<group>"; };
		2EDED2B3274CF5A7006C38DF /* Extension+String.swift */ = {isa = PBXFileReference; lastKnownFileType = sourcecode.swift; path = "Extension+String.swift"; sourceTree = "<group>"; };
		5F7A779F7C4BA0C1CF27590B /* Pods_ReleaseProjectTests.framework */ = {isa = PBXFileReference; explicitFileType = wrapper.framework; includeInIndex = 0; path = Pods_ReleaseProjectTests.framework; sourceTree = BUILT_PRODUCTS_DIR; };
		6FE3E1166F5FE4DD06351D73 /* Pods-ReleaseProject.debug.xcconfig */ = {isa = PBXFileReference; includeInIndex = 1; lastKnownFileType = text.xcconfig; name = "Pods-ReleaseProject.debug.xcconfig"; path = "Target Support Files/Pods-ReleaseProject/Pods-ReleaseProject.debug.xcconfig"; sourceTree = "<group>"; };
		738889CA279DEF8364FA9B5F /* Pods-ReleaseProjectTests.release.xcconfig */ = {isa = PBXFileReference; includeInIndex = 1; lastKnownFileType = text.xcconfig; name = "Pods-ReleaseProjectTests.release.xcconfig"; path = "Target Support Files/Pods-ReleaseProjectTests/Pods-ReleaseProjectTests.release.xcconfig"; sourceTree = "<group>"; };
		881885E131A1CEACD79ABBA1 /* Pods-ReleaseProjectTests.debug.xcconfig */ = {isa = PBXFileReference; includeInIndex = 1; lastKnownFileType = text.xcconfig; name = "Pods-ReleaseProjectTests.debug.xcconfig"; path = "Target Support Files/Pods-ReleaseProjectTests/Pods-ReleaseProjectTests.debug.xcconfig"; sourceTree = "<group>"; };
		EAD854482973620E6A3FEAF3 /* Pods-ReleaseProject.release.xcconfig */ = {isa = PBXFileReference; includeInIndex = 1; lastKnownFileType = text.xcconfig; name = "Pods-ReleaseProject.release.xcconfig"; path = "Target Support Files/Pods-ReleaseProject/Pods-ReleaseProject.release.xcconfig"; sourceTree = "<group>"; };
		EFE8904A2D0EB4BD24D92ADA /* Pods_ReleaseProject.framework */ = {isa = PBXFileReference; explicitFileType = wrapper.framework; includeInIndex = 0; path = Pods_ReleaseProject.framework; sourceTree = BUILT_PRODUCTS_DIR; };
/* End PBXFileReference section */

/* Begin PBXFrameworksBuildPhase section */
		2E39C43A280ACE7500905D20 /* Frameworks */ = {
			isa = PBXFrameworksBuildPhase;
			buildActionMask = 2147483647;
			files = (
				588EE2CF381970E8324C231F /* Pods_ReleaseProjectTests.framework in Frameworks */,
			);
			runOnlyForDeploymentPostprocessing = 0;
		};
		2EDED25927476FD8006C38DF /* Frameworks */ = {
			isa = PBXFrameworksBuildPhase;
			buildActionMask = 2147483647;
			files = (
				57399A10F98011E7D76B9DF4 /* Pods_ReleaseProject.framework in Frameworks */,
			);
			runOnlyForDeploymentPostprocessing = 0;
		};
/* End PBXFrameworksBuildPhase section */

/* Begin PBXGroup section */
		2E39C43E280ACE7500905D20 /* ReleaseProjectTests */ = {
			isa = PBXGroup;
			children = (
				2E39C43F280ACE7500905D20 /* ReleaseProjectTests.swift */,
				2EB5F9E72812892C00C880E6 /* RealmServiceTest.swift */,
				2EB5F9E52812892400C880E6 /* MainViewModelTest.swift */,
			);
			path = ReleaseProjectTests;
			sourceTree = "<group>";
		};
		2E4FDD2828740364007A6947 /* Services */ = {
			isa = PBXGroup;
			children = (
				2EDED2A0274A7EAF006C38DF /* RealmModel.swift */,
				2E4FDD24287400D8007A6947 /* SerivceProvider.swift */,
				2E4FDD26287402C6007A6947 /* Service.swift */,
				2EDED2A7274B6E3A006C38DF /* RealmService.swift */,
				2E4FDD1E2872CFF1007A6947 /* CatProvideService.swift */,
				2E4FDD2228740098007A6947 /* DataTaskService.swift */,
			);
			path = Services;
			sourceTree = "<group>";
		};
		2E4FDD29287403D5007A6947 /* Extensions */ = {
			isa = PBXGroup;
			children = (
				2EDED2A9274BCAA9006C38DF /* Extension+Date.swift */,
				2EDED2B3274CF5A7006C38DF /* Extension+String.swift */,
				2E4FDD2A28740FD7007A6947 /* Extension+UICollectionView.swift */,
			);
			path = Extensions;
			sourceTree = "<group>";
		};
		2EDED25327476FD7006C38DF = {
			isa = PBXGroup;
			children = (
				2EDED25E27476FD8006C38DF /* ReleaseProject */,
				2E39C43E280ACE7500905D20 /* ReleaseProjectTests */,
				2EDED25D27476FD8006C38DF /* Products */,
				F8CCEAA2934E09A67784060A /* Pods */,
				DA7BD2E41B5D747222A1EBC2 /* Frameworks */,
			);
			sourceTree = "<group>";
		};
		2EDED25D27476FD8006C38DF /* Products */ = {
			isa = PBXGroup;
			children = (
				2EDED25C27476FD8006C38DF /* ReleaseProject.app */,
				2E39C43D280ACE7500905D20 /* ReleaseProjectTests.xctest */,
			);
			name = Products;
			sourceTree = "<group>";
		};
		2EDED25E27476FD8006C38DF /* ReleaseProject */ = {
			isa = PBXGroup;
			children = (
				2EDED25F27476FD8006C38DF /* AppDelegate.swift */,
				2EDED26127476FD8006C38DF /* SceneDelegate.swift */,
				2E4FDD2828740364007A6947 /* Services */,
				2EDED27327478032006C38DF /* Home */,
				2EDED27427478048006C38DF /* Calendar */,
				2EDED27527478054006C38DF /* Data */,
				2E4FDD29287403D5007A6947 /* Extensions */,
				2EDED28A274A528D006C38DF /* Localization */,
				2EDED26827476FDA006C38DF /* Assets.xcassets */,
				2EDED26527476FD8006C38DF /* Main.storyboard */,
				2EDED26A27476FDA006C38DF /* LaunchScreen.storyboard */,
				2EDED26D27476FDA006C38DF /* Info.plist */,
				2E94FE0C2768D1D300A6BAA1 /* GoogleService-Info.plist */,
				2E353AD427589F2700F4F8A2 /* InfoPlist.strings */,
			);
			path = ReleaseProject;
			sourceTree = "<group>";
		};
		2EDED27327478032006C38DF /* Home */ = {
			isa = PBXGroup;
			children = (
				2E42A64327FC634E00C78137 /* HomeViewModel.swift */,
				2EDED27C2747858B006C38DF /* HomeViewController.swift */,
				2E669206282A9AC600FCEA3A /* CustomRxCollectionViewSectionedAnimatedDataSource.swift */,
				2EDED2AF274CCC3B006C38DF /* MainCollectionViewCell.swift */,
				2EDED2B0274CCC3B006C38DF /* MainCollectionViewCell.xib */,
				2E36F863276F496F002C986B /* InfoTableVIewController.swift */,
				2E36F86A27704B97002C986B /* OpensourceList.swift */,
				2E398D9428372D44003CEFAA /* CreateNewCatView.xib */,
				2E398D9628372DCF003CEFAA /* CreateNewCatView.swift */,
			);
			path = Home;
			sourceTree = "<group>";
		};
		2EDED27427478048006C38DF /* Calendar */ = {
			isa = PBXGroup;
			children = (
				2EDED2782747855F006C38DF /* Calendar.storyboard */,
				2EDED280274A51F7006C38DF /* CalendarViewController.swift */,
			);
			path = Calendar;
			sourceTree = "<group>";
		};
		2EDED27527478054006C38DF /* Data */ = {
			isa = PBXGroup;
			children = (
				2E4FDD1C28715C19007A6947 /* DataModel.swift */,
				2EDED284274A5241006C38DF /* DataViewController.swift */,
				2EAA6FB62862E5E300CF50C5 /* DataViewReactor.swift */,
				2EAA6FC4286ECE8D00CF50C5 /* ChartDateCollectionViewCell.swift */,
				2EAA6FC6286ED86A00CF50C5 /* ChartDateCellReactor.swift */,
				2EAA6FC8286ED94500CF50C5 /* ChartDateCellModel.swift */,
			);
			path = Data;
			sourceTree = "<group>";
		};
		2EDED28A274A528D006C38DF /* Localization */ = {
			isa = PBXGroup;
			children = (
				2EDED28F274A52AF006C38DF /* Localizable.strings */,
				2E616D4B2816BD2B001F86F3 /* LocalizationService.swift */,
			);
			path = Localization;
			sourceTree = "<group>";
		};
		DA7BD2E41B5D747222A1EBC2 /* Frameworks */ = {
			isa = PBXGroup;
			children = (
				EFE8904A2D0EB4BD24D92ADA /* Pods_ReleaseProject.framework */,
				5F7A779F7C4BA0C1CF27590B /* Pods_ReleaseProjectTests.framework */,
			);
			name = Frameworks;
			sourceTree = "<group>";
		};
		F8CCEAA2934E09A67784060A /* Pods */ = {
			isa = PBXGroup;
			children = (
				6FE3E1166F5FE4DD06351D73 /* Pods-ReleaseProject.debug.xcconfig */,
				EAD854482973620E6A3FEAF3 /* Pods-ReleaseProject.release.xcconfig */,
				881885E131A1CEACD79ABBA1 /* Pods-ReleaseProjectTests.debug.xcconfig */,
				738889CA279DEF8364FA9B5F /* Pods-ReleaseProjectTests.release.xcconfig */,
			);
			path = Pods;
			sourceTree = "<group>";
		};
/* End PBXGroup section */

/* Begin PBXNativeTarget section */
		2E39C43C280ACE7500905D20 /* ReleaseProjectTests */ = {
			isa = PBXNativeTarget;
			buildConfigurationList = 2E39C443280ACE7500905D20 /* Build configuration list for PBXNativeTarget "ReleaseProjectTests" */;
			buildPhases = (
				696D9C78AEF43D075A0D5AC9 /* [CP] Check Pods Manifest.lock */,
				2E39C439280ACE7500905D20 /* Sources */,
				2E39C43A280ACE7500905D20 /* Frameworks */,
				2E39C43B280ACE7500905D20 /* Resources */,
				A716C74FA456F1CAC31466C6 /* [CP] Embed Pods Frameworks */,
			);
			buildRules = (
			);
			dependencies = (
				2E39C442280ACE7500905D20 /* PBXTargetDependency */,
			);
			name = ReleaseProjectTests;
			productName = ReleaseProjectTests;
			productReference = 2E39C43D280ACE7500905D20 /* ReleaseProjectTests.xctest */;
			productType = "com.apple.product-type.bundle.unit-test";
		};
		2EDED25B27476FD8006C38DF /* ReleaseProject */ = {
			isa = PBXNativeTarget;
			buildConfigurationList = 2EDED27027476FDA006C38DF /* Build configuration list for PBXNativeTarget "ReleaseProject" */;
			buildPhases = (
				35DC93B5BE975AEADFF830CF /* [CP] Check Pods Manifest.lock */,
				2EDED25827476FD8006C38DF /* Sources */,
				2EDED25927476FD8006C38DF /* Frameworks */,
				2EDED25A27476FD8006C38DF /* Resources */,
				2E94FE0B2768D13900A6BAA1 /* ShellScript */,
				1F559853D4987561F373FE21 /* [CP] Embed Pods Frameworks */,
			);
			buildRules = (
			);
			dependencies = (
			);
			name = ReleaseProject;
			productName = ReleaseProject;
			productReference = 2EDED25C27476FD8006C38DF /* ReleaseProject.app */;
			productType = "com.apple.product-type.application";
		};
/* End PBXNativeTarget section */

/* Begin PBXProject section */
		2EDED25427476FD7006C38DF /* Project object */ = {
			isa = PBXProject;
			attributes = {
				BuildIndependentTargetsInParallel = 1;
				LastSwiftUpdateCheck = 1320;
				LastUpgradeCheck = 1310;
				TargetAttributes = {
					2E39C43C280ACE7500905D20 = {
						CreatedOnToolsVersion = 13.2;
						TestTargetID = 2EDED25B27476FD8006C38DF;
					};
					2EDED25B27476FD8006C38DF = {
						CreatedOnToolsVersion = 13.1;
					};
				};
			};
			buildConfigurationList = 2EDED25727476FD7006C38DF /* Build configuration list for PBXProject "ReleaseProject" */;
			compatibilityVersion = "Xcode 13.0";
			developmentRegion = en;
			hasScannedForEncodings = 0;
			knownRegions = (
				en,
				Base,
				"zh-Hans",
				ko,
			);
			mainGroup = 2EDED25327476FD7006C38DF;
			productRefGroup = 2EDED25D27476FD8006C38DF /* Products */;
			projectDirPath = "";
			projectRoot = "";
			targets = (
				2EDED25B27476FD8006C38DF /* ReleaseProject */,
				2E39C43C280ACE7500905D20 /* ReleaseProjectTests */,
			);
		};
/* End PBXProject section */

/* Begin PBXResourcesBuildPhase section */
		2E39C43B280ACE7500905D20 /* Resources */ = {
			isa = PBXResourcesBuildPhase;
			buildActionMask = 2147483647;
			files = (
			);
			runOnlyForDeploymentPostprocessing = 0;
		};
		2EDED25A27476FD8006C38DF /* Resources */ = {
			isa = PBXResourcesBuildPhase;
			buildActionMask = 2147483647;
			files = (
				2EDED2B2274CCC3B006C38DF /* MainCollectionViewCell.xib in Resources */,
				2EDED26C27476FDA006C38DF /* LaunchScreen.storyboard in Resources */,
				2EDED26927476FDA006C38DF /* Assets.xcassets in Resources */,
				2EDED28D274A52AF006C38DF /* Localizable.strings in Resources */,
				2EDED26727476FD8006C38DF /* Main.storyboard in Resources */,
				2E94FE0D2768D1D300A6BAA1 /* GoogleService-Info.plist in Resources */,
				2E398D9528372D44003CEFAA /* CreateNewCatView.xib in Resources */,
				2EDED2792747855F006C38DF /* Calendar.storyboard in Resources */,
				2E353AD227589F2700F4F8A2 /* InfoPlist.strings in Resources */,
			);
			runOnlyForDeploymentPostprocessing = 0;
		};
/* End PBXResourcesBuildPhase section */

/* Begin PBXShellScriptBuildPhase section */
		1F559853D4987561F373FE21 /* [CP] Embed Pods Frameworks */ = {
			isa = PBXShellScriptBuildPhase;
			buildActionMask = 2147483647;
			files = (
			);
			inputFileListPaths = (
				"${PODS_ROOT}/Target Support Files/Pods-ReleaseProject/Pods-ReleaseProject-frameworks-${CONFIGURATION}-input-files.xcfilelist",
			);
			name = "[CP] Embed Pods Frameworks";
			outputFileListPaths = (
				"${PODS_ROOT}/Target Support Files/Pods-ReleaseProject/Pods-ReleaseProject-frameworks-${CONFIGURATION}-output-files.xcfilelist",
			);
			runOnlyForDeploymentPostprocessing = 0;
			shellPath = /bin/sh;
			shellScript = "\"${PODS_ROOT}/Target Support Files/Pods-ReleaseProject/Pods-ReleaseProject-frameworks.sh\"\n";
			showEnvVarsInLog = 0;
		};
		2E94FE0B2768D13900A6BAA1 /* ShellScript */ = {
			isa = PBXShellScriptBuildPhase;
			buildActionMask = 2147483647;
			files = (
			);
			inputFileListPaths = (
			);
			inputPaths = (
				"${DWARF_DSYM_FOLDER_PATH}/${DWARF_DSYM_FILE_NAME}/Contents/Resources/DWARF/${TARGET_NAME}",
				"$(SRCROOT)/$(BUILT_PRODUCTS_DIR)/$(INFOPLIST_PATH)",
			);
			outputFileListPaths = (
			);
			outputPaths = (
			);
			runOnlyForDeploymentPostprocessing = 0;
			shellPath = /bin/sh;
			shellScript = "# Type a script or drag a script file from your workspace to insert its path.\n\"${PODS_ROOT}/FirebaseCrashlytics/run\"\n";
		};
		35DC93B5BE975AEADFF830CF /* [CP] Check Pods Manifest.lock */ = {
			isa = PBXShellScriptBuildPhase;
			buildActionMask = 2147483647;
			files = (
			);
			inputFileListPaths = (
			);
			inputPaths = (
				"${PODS_PODFILE_DIR_PATH}/Podfile.lock",
				"${PODS_ROOT}/Manifest.lock",
			);
			name = "[CP] Check Pods Manifest.lock";
			outputFileListPaths = (
			);
			outputPaths = (
				"$(DERIVED_FILE_DIR)/Pods-ReleaseProject-checkManifestLockResult.txt",
			);
			runOnlyForDeploymentPostprocessing = 0;
			shellPath = /bin/sh;
			shellScript = "diff \"${PODS_PODFILE_DIR_PATH}/Podfile.lock\" \"${PODS_ROOT}/Manifest.lock\" > /dev/null\nif [ $? != 0 ] ; then\n    # print error to STDERR\n    echo \"error: The sandbox is not in sync with the Podfile.lock. Run 'pod install' or update your CocoaPods installation.\" >&2\n    exit 1\nfi\n# This output is used by Xcode 'outputs' to avoid re-running this script phase.\necho \"SUCCESS\" > \"${SCRIPT_OUTPUT_FILE_0}\"\n";
			showEnvVarsInLog = 0;
		};
		696D9C78AEF43D075A0D5AC9 /* [CP] Check Pods Manifest.lock */ = {
			isa = PBXShellScriptBuildPhase;
			buildActionMask = 2147483647;
			files = (
			);
			inputFileListPaths = (
			);
			inputPaths = (
				"${PODS_PODFILE_DIR_PATH}/Podfile.lock",
				"${PODS_ROOT}/Manifest.lock",
			);
			name = "[CP] Check Pods Manifest.lock";
			outputFileListPaths = (
			);
			outputPaths = (
				"$(DERIVED_FILE_DIR)/Pods-ReleaseProjectTests-checkManifestLockResult.txt",
			);
			runOnlyForDeploymentPostprocessing = 0;
			shellPath = /bin/sh;
			shellScript = "diff \"${PODS_PODFILE_DIR_PATH}/Podfile.lock\" \"${PODS_ROOT}/Manifest.lock\" > /dev/null\nif [ $? != 0 ] ; then\n    # print error to STDERR\n    echo \"error: The sandbox is not in sync with the Podfile.lock. Run 'pod install' or update your CocoaPods installation.\" >&2\n    exit 1\nfi\n# This output is used by Xcode 'outputs' to avoid re-running this script phase.\necho \"SUCCESS\" > \"${SCRIPT_OUTPUT_FILE_0}\"\n";
			showEnvVarsInLog = 0;
		};
		A716C74FA456F1CAC31466C6 /* [CP] Embed Pods Frameworks */ = {
			isa = PBXShellScriptBuildPhase;
			buildActionMask = 2147483647;
			files = (
			);
			inputFileListPaths = (
				"${PODS_ROOT}/Target Support Files/Pods-ReleaseProjectTests/Pods-ReleaseProjectTests-frameworks-${CONFIGURATION}-input-files.xcfilelist",
			);
			name = "[CP] Embed Pods Frameworks";
			outputFileListPaths = (
				"${PODS_ROOT}/Target Support Files/Pods-ReleaseProjectTests/Pods-ReleaseProjectTests-frameworks-${CONFIGURATION}-output-files.xcfilelist",
			);
			runOnlyForDeploymentPostprocessing = 0;
			shellPath = /bin/sh;
			shellScript = "\"${PODS_ROOT}/Target Support Files/Pods-ReleaseProjectTests/Pods-ReleaseProjectTests-frameworks.sh\"\n";
			showEnvVarsInLog = 0;
		};
/* End PBXShellScriptBuildPhase section */

/* Begin PBXSourcesBuildPhase section */
		2E39C439280ACE7500905D20 /* Sources */ = {
			isa = PBXSourcesBuildPhase;
			buildActionMask = 2147483647;
			files = (
				2EB5F9E82812892C00C880E6 /* RealmServiceTest.swift in Sources */,
				2E39C440280ACE7500905D20 /* ReleaseProjectTests.swift in Sources */,
				2EB5F9E62812892400C880E6 /* MainViewModelTest.swift in Sources */,
			);
			runOnlyForDeploymentPostprocessing = 0;
		};
		2EDED25827476FD8006C38DF /* Sources */ = {
			isa = PBXSourcesBuildPhase;
			buildActionMask = 2147483647;
			files = (
				2EDED281274A51F8006C38DF /* CalendarViewController.swift in Sources */,
				2EDED2A1274A7EB0006C38DF /* RealmModel.swift in Sources */,
				2E4FDD27287402C6007A6947 /* Service.swift in Sources */,
				2E398D9728372DCF003CEFAA /* CreateNewCatView.swift in Sources */,
				2E4FDD2B28740FD7007A6947 /* Extension+UICollectionView.swift in Sources */,
				2E36F864276F496F002C986B /* InfoTableVIewController.swift in Sources */,
				2EAA6FC9286ED94500CF50C5 /* ChartDateCellModel.swift in Sources */,
				2EAA6FC7286ED86A00CF50C5 /* ChartDateCellReactor.swift in Sources */,
				2EDED2A8274B6E3A006C38DF /* RealmService.swift in Sources */,
				2EAA6FBE286D777400CF50C5 /* DataViewReactor.swift in Sources */,
				2E36F86B27704B97002C986B /* OpensourceList.swift in Sources */,
				2E4FDD25287400D8007A6947 /* SerivceProvider.swift in Sources */,
				2EDED26027476FD8006C38DF /* AppDelegate.swift in Sources */,
				2EAA6FC5286ECE8D00CF50C5 /* ChartDateCollectionViewCell.swift in Sources */,
				2EDED26227476FD8006C38DF /* SceneDelegate.swift in Sources */,
				2EDED2AA274BCAA9006C38DF /* Extension+Date.swift in Sources */,
				2E4FDD2328740098007A6947 /* DataTaskService.swift in Sources */,
				2E42A64427FC634E00C78137 /* HomeViewModel.swift in Sources */,
				2E4FDD1D28715C19007A6947 /* DataModel.swift in Sources */,
				2EAA6FBF286D777700CF50C5 /* DataViewController.swift in Sources */,
				2E4FDD1F2872CFF1007A6947 /* CatProvideService.swift in Sources */,
				2E669207282A9AC600FCEA3A /* CustomRxCollectionViewSectionedAnimatedDataSource.swift in Sources */,
				2EDED2B4274CF5A7006C38DF /* Extension+String.swift in Sources */,
				2E616D4C2816BD2B001F86F3 /* LocalizationService.swift in Sources */,
				2EDED2B1274CCC3B006C38DF /* MainCollectionViewCell.swift in Sources */,
				2EDED27D2747858B006C38DF /* HomeViewController.swift in Sources */,
			);
			runOnlyForDeploymentPostprocessing = 0;
		};
/* End PBXSourcesBuildPhase section */

/* Begin PBXTargetDependency section */
		2E39C442280ACE7500905D20 /* PBXTargetDependency */ = {
			isa = PBXTargetDependency;
			target = 2EDED25B27476FD8006C38DF /* ReleaseProject */;
			targetProxy = 2E39C441280ACE7500905D20 /* PBXContainerItemProxy */;
		};
/* End PBXTargetDependency section */

/* Begin PBXVariantGroup section */
		2E353AD427589F2700F4F8A2 /* InfoPlist.strings */ = {
			isa = PBXVariantGroup;
			children = (
				2E353AD327589F2700F4F8A2 /* en */,
				2E353AD527589F2900F4F8A2 /* zh-Hans */,
				2E353AD627589F2900F4F8A2 /* ko */,
			);
			name = InfoPlist.strings;
			sourceTree = "<group>";
		};
		2EDED26527476FD8006C38DF /* Main.storyboard */ = {
			isa = PBXVariantGroup;
			children = (
				2EDED26627476FD8006C38DF /* Base */,
				2E353ACD27589EAF00F4F8A2 /* en */,
				2E353ACE27589EB200F4F8A2 /* zh-Hans */,
				2E353ACF27589EB400F4F8A2 /* ko */,
			);
			name = Main.storyboard;
			sourceTree = "<group>";
		};
		2EDED26A27476FDA006C38DF /* LaunchScreen.storyboard */ = {
			isa = PBXVariantGroup;
			children = (
				2EDED26B27476FDA006C38DF /* Base */,
			);
			name = LaunchScreen.storyboard;
			sourceTree = "<group>";
		};
		2EDED28F274A52AF006C38DF /* Localizable.strings */ = {
			isa = PBXVariantGroup;
			children = (
				2EDED28E274A52AF006C38DF /* en */,
				2EDED290274A52B3006C38DF /* zh-Hans */,
				2EDED291274A52B6006C38DF /* ko */,
			);
			name = Localizable.strings;
			sourceTree = "<group>";
		};
/* End PBXVariantGroup section */

/* Begin XCBuildConfiguration section */
		2E39C444280ACE7500905D20 /* Debug */ = {
			isa = XCBuildConfiguration;
			baseConfigurationReference = 881885E131A1CEACD79ABBA1 /* Pods-ReleaseProjectTests.debug.xcconfig */;
			buildSettings = {
				BUNDLE_LOADER = "$(TEST_HOST)";
				CODE_SIGN_STYLE = Automatic;
				CURRENT_PROJECT_VERSION = 2;
				DEBUG_INFORMATION_FORMAT = dwarf;
				DEVELOPMENT_TEAM = WXLXA9H28U;
				GENERATE_INFOPLIST_FILE = YES;
				IPHONEOS_DEPLOYMENT_TARGET = 15.2;
				MARKETING_VERSION = 1.0;
				PRODUCT_BUNDLE_IDENTIFIER = com.sehun.ReleaseProjectTests;
				PRODUCT_NAME = "$(TARGET_NAME)";
				SWIFT_EMIT_LOC_STRINGS = NO;
				SWIFT_VERSION = 5.0;
				TARGETED_DEVICE_FAMILY = "1,2";
				TEST_HOST = "$(BUILT_PRODUCTS_DIR)/ReleaseProject.app/ReleaseProject";
			};
			name = Debug;
		};
		2E39C445280ACE7500905D20 /* Release */ = {
			isa = XCBuildConfiguration;
			baseConfigurationReference = 738889CA279DEF8364FA9B5F /* Pods-ReleaseProjectTests.release.xcconfig */;
			buildSettings = {
				BUNDLE_LOADER = "$(TEST_HOST)";
				CODE_SIGN_STYLE = Automatic;
				CURRENT_PROJECT_VERSION = 2;
				DEVELOPMENT_TEAM = WXLXA9H28U;
				GENERATE_INFOPLIST_FILE = YES;
				IPHONEOS_DEPLOYMENT_TARGET = 15.2;
				MARKETING_VERSION = 1.0;
				PRODUCT_BUNDLE_IDENTIFIER = com.sehun.ReleaseProjectTests;
				PRODUCT_NAME = "$(TARGET_NAME)";
				SWIFT_EMIT_LOC_STRINGS = NO;
				SWIFT_VERSION = 5.0;
				TARGETED_DEVICE_FAMILY = "1,2";
				TEST_HOST = "$(BUILT_PRODUCTS_DIR)/ReleaseProject.app/ReleaseProject";
			};
			name = Release;
		};
		2EDED26E27476FDA006C38DF /* Debug */ = {
			isa = XCBuildConfiguration;
			buildSettings = {
				ALWAYS_SEARCH_USER_PATHS = NO;
				CLANG_ANALYZER_LOCALIZABILITY_NONLOCALIZED = YES;
				CLANG_ANALYZER_NONNULL = YES;
				CLANG_ANALYZER_NUMBER_OBJECT_CONVERSION = YES_AGGRESSIVE;
				CLANG_CXX_LANGUAGE_STANDARD = "gnu++17";
				CLANG_CXX_LIBRARY = "libc++";
				CLANG_ENABLE_MODULES = YES;
				CLANG_ENABLE_OBJC_ARC = YES;
				CLANG_ENABLE_OBJC_WEAK = YES;
				CLANG_WARN_BLOCK_CAPTURE_AUTORELEASING = YES;
				CLANG_WARN_BOOL_CONVERSION = YES;
				CLANG_WARN_COMMA = YES;
				CLANG_WARN_CONSTANT_CONVERSION = YES;
				CLANG_WARN_DEPRECATED_OBJC_IMPLEMENTATIONS = YES;
				CLANG_WARN_DIRECT_OBJC_ISA_USAGE = YES_ERROR;
				CLANG_WARN_DOCUMENTATION_COMMENTS = YES;
				CLANG_WARN_EMPTY_BODY = YES;
				CLANG_WARN_ENUM_CONVERSION = YES;
				CLANG_WARN_INFINITE_RECURSION = YES;
				CLANG_WARN_INT_CONVERSION = YES;
				CLANG_WARN_NON_LITERAL_NULL_CONVERSION = YES;
				CLANG_WARN_OBJC_IMPLICIT_RETAIN_SELF = YES;
				CLANG_WARN_OBJC_LITERAL_CONVERSION = YES;
				CLANG_WARN_OBJC_ROOT_CLASS = YES_ERROR;
				CLANG_WARN_QUOTED_INCLUDE_IN_FRAMEWORK_HEADER = YES;
				CLANG_WARN_RANGE_LOOP_ANALYSIS = YES;
				CLANG_WARN_STRICT_PROTOTYPES = YES;
				CLANG_WARN_SUSPICIOUS_MOVE = YES;
				CLANG_WARN_UNGUARDED_AVAILABILITY = YES_AGGRESSIVE;
				CLANG_WARN_UNREACHABLE_CODE = YES;
				CLANG_WARN__DUPLICATE_METHOD_MATCH = YES;
				COPY_PHASE_STRIP = NO;
				DEBUG_INFORMATION_FORMAT = "dwarf-with-dsym";
				ENABLE_STRICT_OBJC_MSGSEND = YES;
				ENABLE_TESTABILITY = YES;
				GCC_C_LANGUAGE_STANDARD = gnu11;
				GCC_DYNAMIC_NO_PIC = NO;
				GCC_NO_COMMON_BLOCKS = YES;
				GCC_OPTIMIZATION_LEVEL = 0;
				GCC_PREPROCESSOR_DEFINITIONS = (
					"DEBUG=1",
					"$(inherited)",
				);
				GCC_WARN_64_TO_32_BIT_CONVERSION = YES;
				GCC_WARN_ABOUT_RETURN_TYPE = YES_ERROR;
				GCC_WARN_UNDECLARED_SELECTOR = YES;
				GCC_WARN_UNINITIALIZED_AUTOS = YES_AGGRESSIVE;
				GCC_WARN_UNUSED_FUNCTION = YES;
				GCC_WARN_UNUSED_VARIABLE = YES;
				IPHONEOS_DEPLOYMENT_TARGET = 15.0;
				MTL_ENABLE_DEBUG_INFO = INCLUDE_SOURCE;
				MTL_FAST_MATH = YES;
				ONLY_ACTIVE_ARCH = YES;
				SDKROOT = iphoneos;
				SWIFT_ACTIVE_COMPILATION_CONDITIONS = DEBUG;
				SWIFT_EMIT_LOC_STRINGS = YES;
				SWIFT_OPTIMIZATION_LEVEL = "-Onone";
			};
			name = Debug;
		};
		2EDED26F27476FDA006C38DF /* Release */ = {
			isa = XCBuildConfiguration;
			buildSettings = {
				ALWAYS_SEARCH_USER_PATHS = NO;
				CLANG_ANALYZER_LOCALIZABILITY_NONLOCALIZED = YES;
				CLANG_ANALYZER_NONNULL = YES;
				CLANG_ANALYZER_NUMBER_OBJECT_CONVERSION = YES_AGGRESSIVE;
				CLANG_CXX_LANGUAGE_STANDARD = "gnu++17";
				CLANG_CXX_LIBRARY = "libc++";
				CLANG_ENABLE_MODULES = YES;
				CLANG_ENABLE_OBJC_ARC = YES;
				CLANG_ENABLE_OBJC_WEAK = YES;
				CLANG_WARN_BLOCK_CAPTURE_AUTORELEASING = YES;
				CLANG_WARN_BOOL_CONVERSION = YES;
				CLANG_WARN_COMMA = YES;
				CLANG_WARN_CONSTANT_CONVERSION = YES;
				CLANG_WARN_DEPRECATED_OBJC_IMPLEMENTATIONS = YES;
				CLANG_WARN_DIRECT_OBJC_ISA_USAGE = YES_ERROR;
				CLANG_WARN_DOCUMENTATION_COMMENTS = YES;
				CLANG_WARN_EMPTY_BODY = YES;
				CLANG_WARN_ENUM_CONVERSION = YES;
				CLANG_WARN_INFINITE_RECURSION = YES;
				CLANG_WARN_INT_CONVERSION = YES;
				CLANG_WARN_NON_LITERAL_NULL_CONVERSION = YES;
				CLANG_WARN_OBJC_IMPLICIT_RETAIN_SELF = YES;
				CLANG_WARN_OBJC_LITERAL_CONVERSION = YES;
				CLANG_WARN_OBJC_ROOT_CLASS = YES_ERROR;
				CLANG_WARN_QUOTED_INCLUDE_IN_FRAMEWORK_HEADER = YES;
				CLANG_WARN_RANGE_LOOP_ANALYSIS = YES;
				CLANG_WARN_STRICT_PROTOTYPES = YES;
				CLANG_WARN_SUSPICIOUS_MOVE = YES;
				CLANG_WARN_UNGUARDED_AVAILABILITY = YES_AGGRESSIVE;
				CLANG_WARN_UNREACHABLE_CODE = YES;
				CLANG_WARN__DUPLICATE_METHOD_MATCH = YES;
				COPY_PHASE_STRIP = NO;
				DEBUG_INFORMATION_FORMAT = "dwarf-with-dsym";
				ENABLE_NS_ASSERTIONS = NO;
				ENABLE_STRICT_OBJC_MSGSEND = YES;
				GCC_C_LANGUAGE_STANDARD = gnu11;
				GCC_NO_COMMON_BLOCKS = YES;
				GCC_WARN_64_TO_32_BIT_CONVERSION = YES;
				GCC_WARN_ABOUT_RETURN_TYPE = YES_ERROR;
				GCC_WARN_UNDECLARED_SELECTOR = YES;
				GCC_WARN_UNINITIALIZED_AUTOS = YES_AGGRESSIVE;
				GCC_WARN_UNUSED_FUNCTION = YES;
				GCC_WARN_UNUSED_VARIABLE = YES;
				IPHONEOS_DEPLOYMENT_TARGET = 15.0;
				MTL_ENABLE_DEBUG_INFO = NO;
				MTL_FAST_MATH = YES;
				SDKROOT = iphoneos;
				SWIFT_COMPILATION_MODE = wholemodule;
				SWIFT_EMIT_LOC_STRINGS = YES;
				SWIFT_OPTIMIZATION_LEVEL = "-O";
				VALIDATE_PRODUCT = YES;
			};
			name = Release;
		};
		2EDED27127476FDA006C38DF /* Debug */ = {
			isa = XCBuildConfiguration;
			baseConfigurationReference = 6FE3E1166F5FE4DD06351D73 /* Pods-ReleaseProject.debug.xcconfig */;
			buildSettings = {
				ASSETCATALOG_COMPILER_APPICON_NAME = AppIcon;
				ASSETCATALOG_COMPILER_GLOBAL_ACCENT_COLOR_NAME = AccentColor;
				ASSETCATALOG_COMPILER_INCLUDE_ALL_APPICON_ASSETS = NO;
				CODE_SIGN_STYLE = Automatic;
				CURRENT_PROJECT_VERSION = 2;
				DEVELOPMENT_TEAM = WXLXA9H28U;
				GENERATE_INFOPLIST_FILE = YES;
				INFOPLIST_FILE = ReleaseProject/Info.plist;
				INFOPLIST_KEY_CFBundleDisplayName = Scoop;
				INFOPLIST_KEY_UIApplicationSupportsIndirectInputEvents = YES;
				INFOPLIST_KEY_UILaunchStoryboardName = LaunchScreen;
				INFOPLIST_KEY_UISupportedInterfaceOrientations = UIInterfaceOrientationPortrait;
				INFOPLIST_KEY_UISupportedInterfaceOrientations_iPad = "UIInterfaceOrientationPortrait UIInterfaceOrientationPortraitUpsideDown UIInterfaceOrientationLandscapeLeft UIInterfaceOrientationLandscapeRight";
				INFOPLIST_KEY_UISupportedInterfaceOrientations_iPhone = UIInterfaceOrientationPortrait;
				IPHONEOS_DEPLOYMENT_TARGET = 14.0;
				LD_RUNPATH_SEARCH_PATHS = (
					"$(inherited)",
					"@executable_path/Frameworks",
				);
				MARKETING_VERSION = 1.4;
				PRODUCT_BUNDLE_IDENTIFIER = com.sehun.Scoop;
				PRODUCT_NAME = "$(TARGET_NAME)";
				SWIFT_EMIT_LOC_STRINGS = YES;
				SWIFT_VERSION = 5.0;
				TARGETED_DEVICE_FAMILY = 1;
			};
			name = Debug;
		};
		2EDED27227476FDA006C38DF /* Release */ = {
			isa = XCBuildConfiguration;
			baseConfigurationReference = EAD854482973620E6A3FEAF3 /* Pods-ReleaseProject.release.xcconfig */;
			buildSettings = {
				ASSETCATALOG_COMPILER_APPICON_NAME = AppIcon;
				ASSETCATALOG_COMPILER_GLOBAL_ACCENT_COLOR_NAME = AccentColor;
				ASSETCATALOG_COMPILER_INCLUDE_ALL_APPICON_ASSETS = NO;
				CODE_SIGN_STYLE = Automatic;
				CURRENT_PROJECT_VERSION = 2;
				DEVELOPMENT_TEAM = WXLXA9H28U;
				GENERATE_INFOPLIST_FILE = YES;
				INFOPLIST_FILE = ReleaseProject/Info.plist;
				INFOPLIST_KEY_CFBundleDisplayName = Scoop;
				INFOPLIST_KEY_UIApplicationSupportsIndirectInputEvents = YES;
				INFOPLIST_KEY_UILaunchStoryboardName = LaunchScreen;
				INFOPLIST_KEY_UISupportedInterfaceOrientations = UIInterfaceOrientationPortrait;
				INFOPLIST_KEY_UISupportedInterfaceOrientations_iPad = "UIInterfaceOrientationPortrait UIInterfaceOrientationPortraitUpsideDown UIInterfaceOrientationLandscapeLeft UIInterfaceOrientationLandscapeRight";
				INFOPLIST_KEY_UISupportedInterfaceOrientations_iPhone = UIInterfaceOrientationPortrait;
				IPHONEOS_DEPLOYMENT_TARGET = 14.0;
				LD_RUNPATH_SEARCH_PATHS = (
					"$(inherited)",
					"@executable_path/Frameworks",
				);
				MARKETING_VERSION = 1.4;
				PRODUCT_BUNDLE_IDENTIFIER = com.sehun.Scoop;
				PRODUCT_NAME = "$(TARGET_NAME)";
				SWIFT_EMIT_LOC_STRINGS = YES;
				SWIFT_VERSION = 5.0;
				TARGETED_DEVICE_FAMILY = 1;
			};
			name = Release;
		};
/* End XCBuildConfiguration section */

/* Begin XCConfigurationList section */
		2E39C443280ACE7500905D20 /* Build configuration list for PBXNativeTarget "ReleaseProjectTests" */ = {
			isa = XCConfigurationList;
			buildConfigurations = (
				2E39C444280ACE7500905D20 /* Debug */,
				2E39C445280ACE7500905D20 /* Release */,
			);
			defaultConfigurationIsVisible = 0;
			defaultConfigurationName = Release;
		};
		2EDED25727476FD7006C38DF /* Build configuration list for PBXProject "ReleaseProject" */ = {
			isa = XCConfigurationList;
			buildConfigurations = (
				2EDED26E27476FDA006C38DF /* Debug */,
				2EDED26F27476FDA006C38DF /* Release */,
			);
			defaultConfigurationIsVisible = 0;
			defaultConfigurationName = Release;
		};
		2EDED27027476FDA006C38DF /* Build configuration list for PBXNativeTarget "ReleaseProject" */ = {
			isa = XCConfigurationList;
			buildConfigurations = (
				2EDED27127476FDA006C38DF /* Debug */,
				2EDED27227476FDA006C38DF /* Release */,
			);
			defaultConfigurationIsVisible = 0;
			defaultConfigurationName = Release;
		};
/* End XCConfigurationList section */
	};
	rootObject = 2EDED25427476FD7006C38DF /* Project object */;
}
